
Microsoft Visual Studio Solution File, Format Version 12.00
# Visual Studio 15
Project("{FAE04EC0-301F-11D3-BF4B-00C04F79EFBC}") = "Assembly-CSharp", "Assembly-CSharp.csproj", "{74FD8323-2E71-23F3-508B-0725FA14E3A9}"
EndProject
Project("{FAE04EC0-301F-11D3-BF4B-00C04F79EFBC}") = "Assembly-CSharp-firstpass", "Assembly-CSharp-firstpass.csproj", "{33C13B9A-154D-092A-77B5-953B9FAD91E2}"
EndProject
Global
	GlobalSection(SolutionConfigurationPlatforms) = preSolution
		Debug|Any CPU = Debug|Any CPU
		Release|Any CPU = Release|Any CPU
	EndGlobalSection
	GlobalSection(ProjectConfigurationPlatforms) = postSolution
		{74FD8323-2E71-23F3-508B-0725FA14E3A9}.Debug|Any CPU.ActiveCfg = Debug|Any CPU
		{74FD8323-2E71-23F3-508B-0725FA14E3A9}.Debug|Any CPU.Build.0 = Debug|Any CPU
		{74FD8323-2E71-23F3-508B-0725FA14E3A9}.Release|Any CPU.ActiveCfg = Release|Any CPU
		{74FD8323-2E71-23F3-508B-0725FA14E3A9}.Release|Any CPU.Build.0 = Release|Any CPU
		{33C13B9A-154D-092A-77B5-953B9FAD91E2}.Debug|Any CPU.ActiveCfg = Debug|Any CPU
		{33C13B9A-154D-092A-77B5-953B9FAD91E2}.Debug|Any CPU.Build.0 = Debug|Any CPU
		{33C13B9A-154D-092A-77B5-953B9FAD91E2}.Release|Any CPU.ActiveCfg = Release|Any CPU
		{33C13B9A-154D-092A-77B5-953B9FAD91E2}.Release|Any CPU.Build.0 = Release|Any CPU
	EndGlobalSection
	GlobalSection(SolutionProperties) = preSolution
		HideSolutionNode = FALSE
	EndGlobalSection
EndGlobal
